
Microsoft Visual Studio Solution File, Format Version 12.00
# Visual Studio Version 17
VisualStudioVersion = 17.14.36518.9 d17.14
MinimumVisualStudioVersion = 10.0.40219.1
Project("{FAE04EC0-301F-11D3-BF4B-00C04F79EFBC}") = "Wordle", "Wordle\Wordle.csproj", "{FBD628D5-DC7D-4342-B54F-C7FF5C847127}"
EndProject
Global
	GlobalSection(SolutionConfigurationPlatforms) = preSolution
		Debug|Any CPU = Debug|Any CPU
		Release|Any CPU = Release|Any CPU
	EndGlobalSection
	GlobalSection(ProjectConfigurationPlatforms) = postSolution
		{FBD628D5-DC7D-4342-B54F-C7FF5C847127}.Debug|Any CPU.ActiveCfg = Debug|Any CPU
		{FBD628D5-DC7D-4342-B54F-C7FF5C847127}.Debug|Any CPU.Build.0 = Debug|Any CPU
		{FBD628D5-DC7D-4342-B54F-C7FF5C847127}.Release|Any CPU.ActiveCfg = Release|Any CPU
		{FBD628D5-DC7D-4342-B54F-C7FF5C847127}.Release|Any CPU.Build.0 = Release|Any CPU
	EndGlobalSection
	GlobalSection(SolutionProperties) = preSolution
		HideSolutionNode = FALSE
	EndGlobalSection
	GlobalSection(ExtensibilityGlobals) = postSolution
		SolutionGuid = {14200756-F95A-4762-B4EF-A4B964AD548D}
	EndGlobalSection
EndGlobal
